
Microsoft Visual Studio Solution File, Format Version 12.00
# Visual Studio 15
VisualStudioVersion = 15.0.28307.705
MinimumVisualStudioVersion = 10.0.40219.1
Project("{FAE04EC0-301F-11D3-BF4B-00C04F79EFBC}") = "AdoNetCourse09", "AdoNetCourse09\AdoNetCourse09.csproj", "{7D4253BA-9687-423F-B957-B29F133B73B7}"
EndProject
Global
	GlobalSection(SolutionConfigurationPlatforms) = preSolution
		Debug|Any CPU = Debug|Any CPU
		Release|Any CPU = Release|Any CPU
	EndGlobalSection
	GlobalSection(ProjectConfigurationPlatforms) = postSolution
		{7D4253BA-9687-423F-B957-B29F133B73B7}.Debug|Any CPU.ActiveCfg = Debug|Any CPU
		{7D4253BA-9687-423F-B957-B29F133B73B7}.Debug|Any CPU.Build.0 = Debug|Any CPU
		{7D4253BA-9687-423F-B957-B29F133B73B7}.Release|Any CPU.ActiveCfg = Release|Any CPU
		{7D4253BA-9687-423F-B957-B29F133B73B7}.Release|Any CPU.Build.0 = Release|Any CPU
	EndGlobalSection
	GlobalSection(SolutionProperties) = preSolution
		HideSolutionNode = FALSE
	EndGlobalSection
	GlobalSection(ExtensibilityGlobals) = postSolution
		SolutionGuid = {337D5126-6B66-4005-8108-097551885517}
	EndGlobalSection
EndGlobal
