
Microsoft Visual Studio Solution File, Format Version 12.00
# Visual Studio 15
VisualStudioVersion = 15.0.28307.705
MinimumVisualStudioVersion = 10.0.40219.1
Project("{FAE04EC0-301F-11D3-BF4B-00C04F79EFBC}") = "AdoNetCourse08", "AdoNetCourse08\AdoNetCourse08.csproj", "{03589F9D-4E37-45DE-999E-2DFC515A4916}"
EndProject
Global
	GlobalSection(SolutionConfigurationPlatforms) = preSolution
		Debug|Any CPU = Debug|Any CPU
		Release|Any CPU = Release|Any CPU
	EndGlobalSection
	GlobalSection(ProjectConfigurationPlatforms) = postSolution
		{03589F9D-4E37-45DE-999E-2DFC515A4916}.Debug|Any CPU.ActiveCfg = Debug|Any CPU
		{03589F9D-4E37-45DE-999E-2DFC515A4916}.Debug|Any CPU.Build.0 = Debug|Any CPU
		{03589F9D-4E37-45DE-999E-2DFC515A4916}.Release|Any CPU.ActiveCfg = Release|Any CPU
		{03589F9D-4E37-45DE-999E-2DFC515A4916}.Release|Any CPU.Build.0 = Release|Any CPU
	EndGlobalSection
	GlobalSection(SolutionProperties) = preSolution
		HideSolutionNode = FALSE
	EndGlobalSection
	GlobalSection(ExtensibilityGlobals) = postSolution
		SolutionGuid = {3409CECB-7658-45DB-9CE6-E37AC625C464}
	EndGlobalSection
EndGlobal
