
Microsoft Visual Studio Solution File, Format Version 12.00
# Visual Studio 15
VisualStudioVersion = 15.0.28307.705
MinimumVisualStudioVersion = 10.0.40219.1
Project("{FAE04EC0-301F-11D3-BF4B-00C04F79EFBC}") = "AdoNetCourse", "AdoNetCourse\AdoNetCourse.csproj", "{63EE326E-75C5-4872-B91C-3EBD2A0F9B69}"
EndProject
Global
	GlobalSection(SolutionConfigurationPlatforms) = preSolution
		Debug|Any CPU = Debug|Any CPU
		Release|Any CPU = Release|Any CPU
	EndGlobalSection
	GlobalSection(ProjectConfigurationPlatforms) = postSolution
		{63EE326E-75C5-4872-B91C-3EBD2A0F9B69}.Debug|Any CPU.ActiveCfg = Debug|Any CPU
		{63EE326E-75C5-4872-B91C-3EBD2A0F9B69}.Debug|Any CPU.Build.0 = Debug|Any CPU
		{63EE326E-75C5-4872-B91C-3EBD2A0F9B69}.Release|Any CPU.ActiveCfg = Release|Any CPU
		{63EE326E-75C5-4872-B91C-3EBD2A0F9B69}.Release|Any CPU.Build.0 = Release|Any CPU
	EndGlobalSection
	GlobalSection(SolutionProperties) = preSolution
		HideSolutionNode = FALSE
	EndGlobalSection
	GlobalSection(ExtensibilityGlobals) = postSolution
		SolutionGuid = {E3AB8F23-2D86-44EB-91CE-72118D06FCF2}
	EndGlobalSection
EndGlobal
