
Microsoft Visual Studio Solution File, Format Version 12.00
# Visual Studio 15
VisualStudioVersion = 15.0.28307.705
MinimumVisualStudioVersion = 10.0.40219.1
Project("{FAE04EC0-301F-11D3-BF4B-00C04F79EFBC}") = "AdoNetDBHelper", "AdoNetDBHelper\AdoNetDBHelper.csproj", "{B35D878B-D412-4F99-94E6-7EACC2F0C62F}"
EndProject
Global
	GlobalSection(SolutionConfigurationPlatforms) = preSolution
		Debug|Any CPU = Debug|Any CPU
		Release|Any CPU = Release|Any CPU
	EndGlobalSection
	GlobalSection(ProjectConfigurationPlatforms) = postSolution
		{B35D878B-D412-4F99-94E6-7EACC2F0C62F}.Debug|Any CPU.ActiveCfg = Debug|Any CPU
		{B35D878B-D412-4F99-94E6-7EACC2F0C62F}.Debug|Any CPU.Build.0 = Debug|Any CPU
		{B35D878B-D412-4F99-94E6-7EACC2F0C62F}.Release|Any CPU.ActiveCfg = Release|Any CPU
		{B35D878B-D412-4F99-94E6-7EACC2F0C62F}.Release|Any CPU.Build.0 = Release|Any CPU
	EndGlobalSection
	GlobalSection(SolutionProperties) = preSolution
		HideSolutionNode = FALSE
	EndGlobalSection
	GlobalSection(ExtensibilityGlobals) = postSolution
		SolutionGuid = {258842FB-D053-4DDC-AE79-58A0B817D037}
	EndGlobalSection
EndGlobal
