
Microsoft Visual Studio Solution File, Format Version 12.00
# Visual Studio 15
VisualStudioVersion = 15.0.28307.705
MinimumVisualStudioVersion = 10.0.40219.1
Project("{FAE04EC0-301F-11D3-BF4B-00C04F79EFBC}") = "AdoNetCourseDataRelation", "AdoNetCourseDataRelation\AdoNetCourseDataRelation.csproj", "{910A2BD8-09B0-4DD8-9980-3F6710B2C1DF}"
EndProject
Global
	GlobalSection(SolutionConfigurationPlatforms) = preSolution
		Debug|Any CPU = Debug|Any CPU
		Release|Any CPU = Release|Any CPU
	EndGlobalSection
	GlobalSection(ProjectConfigurationPlatforms) = postSolution
		{910A2BD8-09B0-4DD8-9980-3F6710B2C1DF}.Debug|Any CPU.ActiveCfg = Debug|Any CPU
		{910A2BD8-09B0-4DD8-9980-3F6710B2C1DF}.Debug|Any CPU.Build.0 = Debug|Any CPU
		{910A2BD8-09B0-4DD8-9980-3F6710B2C1DF}.Release|Any CPU.ActiveCfg = Release|Any CPU
		{910A2BD8-09B0-4DD8-9980-3F6710B2C1DF}.Release|Any CPU.Build.0 = Release|Any CPU
	EndGlobalSection
	GlobalSection(SolutionProperties) = preSolution
		HideSolutionNode = FALSE
	EndGlobalSection
	GlobalSection(ExtensibilityGlobals) = postSolution
		SolutionGuid = {B028F7BD-4738-4540-A1F0-84EF7D0F4CCE}
	EndGlobalSection
EndGlobal
