
Microsoft Visual Studio Solution File, Format Version 12.00
# Visual Studio 15
VisualStudioVersion = 15.0.28307.705
MinimumVisualStudioVersion = 10.0.40219.1
Project("{FAE04EC0-301F-11D3-BF4B-00C04F79EFBC}") = "AdoNetCourseDataSet", "AdoNetCourseDataSet\AdoNetCourseDataSet.csproj", "{77303A71-1901-42F5-8D5B-A410B1F3030B}"
EndProject
Global
	GlobalSection(SolutionConfigurationPlatforms) = preSolution
		Debug|Any CPU = Debug|Any CPU
		Release|Any CPU = Release|Any CPU
	EndGlobalSection
	GlobalSection(ProjectConfigurationPlatforms) = postSolution
		{77303A71-1901-42F5-8D5B-A410B1F3030B}.Debug|Any CPU.ActiveCfg = Debug|Any CPU
		{77303A71-1901-42F5-8D5B-A410B1F3030B}.Debug|Any CPU.Build.0 = Debug|Any CPU
		{77303A71-1901-42F5-8D5B-A410B1F3030B}.Release|Any CPU.ActiveCfg = Release|Any CPU
		{77303A71-1901-42F5-8D5B-A410B1F3030B}.Release|Any CPU.Build.0 = Release|Any CPU
	EndGlobalSection
	GlobalSection(SolutionProperties) = preSolution
		HideSolutionNode = FALSE
	EndGlobalSection
	GlobalSection(ExtensibilityGlobals) = postSolution
		SolutionGuid = {5FEFA4CB-D160-4C8A-8FFF-02FCBB29E93C}
	EndGlobalSection
EndGlobal
